
Microsoft Visual Studio Solution File, Format Version 12.00
# Visual Studio Version 17
VisualStudioVersion = 17.5.33502.453
MinimumVisualStudioVersion = 10.0.40219.1
Project("{FAE04EC0-301F-11D3-BF4B-00C04F79EFBC}") = "OpenSilverAnimationsMemory.Browser", "OpenSilverAnimationsMemory.Browser\OpenSilverAnimationsMemory.Browser.csproj", "{EC0375F5-DA8F-4980-9BAD-4091F72F5049}"
EndProject
Project("{FAE04EC0-301F-11D3-BF4B-00C04F79EFBC}") = "OpenSilverAnimationsMemory", "OpenSilverAnimationsMemory\OpenSilverAnimationsMemory.csproj", "{EC65DAAF-3198-49A5-9921-F6DBB65FD1BF}"
EndProject
Project("{FAE04EC0-301F-11D3-BF4B-00C04F79EFBC}") = "OpenSilverAnimationsMemory.Simulator", "OpenSilverAnimationsMemory.Simulator\OpenSilverAnimationsMemory.Simulator.csproj", "{2110311A-DF74-4948-A288-EC95726499A8}"
EndProject
Global
	GlobalSection(SolutionConfigurationPlatforms) = preSolution
		Debug|Any CPU = Debug|Any CPU
		Release|Any CPU = Release|Any CPU
	EndGlobalSection
	GlobalSection(ProjectConfigurationPlatforms) = postSolution
		{EC0375F5-DA8F-4980-9BAD-4091F72F5049}.Debug|Any CPU.ActiveCfg = Debug|Any CPU
		{EC0375F5-DA8F-4980-9BAD-4091F72F5049}.Debug|Any CPU.Build.0 = Debug|Any CPU
		{EC0375F5-DA8F-4980-9BAD-4091F72F5049}.Release|Any CPU.ActiveCfg = Release|Any CPU
		{EC0375F5-DA8F-4980-9BAD-4091F72F5049}.Release|Any CPU.Build.0 = Release|Any CPU
		{EC65DAAF-3198-49A5-9921-F6DBB65FD1BF}.Debug|Any CPU.ActiveCfg = Debug|Any CPU
		{EC65DAAF-3198-49A5-9921-F6DBB65FD1BF}.Debug|Any CPU.Build.0 = Debug|Any CPU
		{EC65DAAF-3198-49A5-9921-F6DBB65FD1BF}.Release|Any CPU.ActiveCfg = Release|Any CPU
		{EC65DAAF-3198-49A5-9921-F6DBB65FD1BF}.Release|Any CPU.Build.0 = Release|Any CPU
		{2110311A-DF74-4948-A288-EC95726499A8}.Debug|Any CPU.ActiveCfg = Debug|Any CPU
		{2110311A-DF74-4948-A288-EC95726499A8}.Debug|Any CPU.Build.0 = Debug|Any CPU
		{2110311A-DF74-4948-A288-EC95726499A8}.Release|Any CPU.ActiveCfg = Release|Any CPU
		{2110311A-DF74-4948-A288-EC95726499A8}.Release|Any CPU.Build.0 = Release|Any CPU
	EndGlobalSection
	GlobalSection(SolutionProperties) = preSolution
		HideSolutionNode = FALSE
	EndGlobalSection
	GlobalSection(ExtensibilityGlobals) = postSolution
		SolutionGuid = {904694DC-A3F5-4BEA-B383-21A6295F32E6}
	EndGlobalSection
EndGlobal
